
Microsoft Visual Studio Solution File, Format Version 12.00
Project("{FAE04EC0-301F-11D3-BF4B-00C04F79EFBC}") = "MedicalMVC", "MedicalMVC\MedicalMVC.csproj", "{A30374A7-D71E-4040-BEDD-ADF5CF54B251}"
EndProject
Project("{2150E333-8FDC-42A3-9474-1A3956D46DE8}") = "DAL", "DAL", "{631D75CF-2F3F-4A44-97B3-0D5F2C5F0CBA}"
EndProject
Project("{2150E333-8FDC-42A3-9474-1A3956D46DE8}") = "Domain", "Domain", "{0B1012AB-5CEC-431F-924A-360026B0776B}"
EndProject
Project("{2150E333-8FDC-42A3-9474-1A3956D46DE8}") = "Services", "Services", "{6F16E31E-0D38-4798-B12F-A8D00674C8C0}"
EndProject
Project("{FAE04EC0-301F-11D3-BF4B-00C04F79EFBC}") = "DAL", "DAL\DAL.csproj", "{B26D2058-6DB7-4550-A0C2-DE58F60BB6E4}"
EndProject
Project("{FAE04EC0-301F-11D3-BF4B-00C04F79EFBC}") = "Domain", "Domain\Domain.csproj", "{62104680-DBA9-4D9C-9560-F09E60390DE7}"
EndProject
Project("{FAE04EC0-301F-11D3-BF4B-00C04F79EFBC}") = "Services", "Services\Services.csproj", "{879CCE9B-4DE7-4CCE-81F1-791C318CC87F}"
EndProject
Global
	GlobalSection(SolutionConfigurationPlatforms) = preSolution
		Debug|Any CPU = Debug|Any CPU
		Release|Any CPU = Release|Any CPU
	EndGlobalSection
	GlobalSection(ProjectConfigurationPlatforms) = postSolution
		{A30374A7-D71E-4040-BEDD-ADF5CF54B251}.Debug|Any CPU.ActiveCfg = Debug|Any CPU
		{A30374A7-D71E-4040-BEDD-ADF5CF54B251}.Debug|Any CPU.Build.0 = Debug|Any CPU
		{A30374A7-D71E-4040-BEDD-ADF5CF54B251}.Release|Any CPU.ActiveCfg = Release|Any CPU
		{A30374A7-D71E-4040-BEDD-ADF5CF54B251}.Release|Any CPU.Build.0 = Release|Any CPU
		{B26D2058-6DB7-4550-A0C2-DE58F60BB6E4}.Debug|Any CPU.ActiveCfg = Debug|Any CPU
		{B26D2058-6DB7-4550-A0C2-DE58F60BB6E4}.Debug|Any CPU.Build.0 = Debug|Any CPU
		{B26D2058-6DB7-4550-A0C2-DE58F60BB6E4}.Release|Any CPU.ActiveCfg = Release|Any CPU
		{B26D2058-6DB7-4550-A0C2-DE58F60BB6E4}.Release|Any CPU.Build.0 = Release|Any CPU
		{62104680-DBA9-4D9C-9560-F09E60390DE7}.Debug|Any CPU.ActiveCfg = Debug|Any CPU
		{62104680-DBA9-4D9C-9560-F09E60390DE7}.Debug|Any CPU.Build.0 = Debug|Any CPU
		{62104680-DBA9-4D9C-9560-F09E60390DE7}.Release|Any CPU.ActiveCfg = Release|Any CPU
		{62104680-DBA9-4D9C-9560-F09E60390DE7}.Release|Any CPU.Build.0 = Release|Any CPU
		{879CCE9B-4DE7-4CCE-81F1-791C318CC87F}.Debug|Any CPU.ActiveCfg = Debug|Any CPU
		{879CCE9B-4DE7-4CCE-81F1-791C318CC87F}.Debug|Any CPU.Build.0 = Debug|Any CPU
		{879CCE9B-4DE7-4CCE-81F1-791C318CC87F}.Release|Any CPU.ActiveCfg = Release|Any CPU
		{879CCE9B-4DE7-4CCE-81F1-791C318CC87F}.Release|Any CPU.Build.0 = Release|Any CPU
	EndGlobalSection
	GlobalSection(NestedProjects) = preSolution
		{B26D2058-6DB7-4550-A0C2-DE58F60BB6E4} = {631D75CF-2F3F-4A44-97B3-0D5F2C5F0CBA}
		{62104680-DBA9-4D9C-9560-F09E60390DE7} = {0B1012AB-5CEC-431F-924A-360026B0776B}
		{879CCE9B-4DE7-4CCE-81F1-791C318CC87F} = {6F16E31E-0D38-4798-B12F-A8D00674C8C0}
	EndGlobalSection
EndGlobal
